
Microsoft Visual Studio Solution File, Format Version 12.00
# Visual Studio Version 17
VisualStudioVersion = 17.0.32112.339
MinimumVisualStudioVersion = 10.0.40219.1
Project("{FAE04EC0-301F-11D3-BF4B-00C04F79EFBC}") = "StaticExample", "StaticExample\StaticExample.csproj", "{75E3E906-5F54-4A7D-8A54-6717A5893373}"
EndProject
Global
	GlobalSection(SolutionConfigurationPlatforms) = preSolution
		Debug|Any CPU = Debug|Any CPU
		Release|Any CPU = Release|Any CPU
	EndGlobalSection
	GlobalSection(ProjectConfigurationPlatforms) = postSolution
		{75E3E906-5F54-4A7D-8A54-6717A5893373}.Debug|Any CPU.ActiveCfg = Debug|Any CPU
		{75E3E906-5F54-4A7D-8A54-6717A5893373}.Debug|Any CPU.Build.0 = Debug|Any CPU
		{75E3E906-5F54-4A7D-8A54-6717A5893373}.Release|Any CPU.ActiveCfg = Release|Any CPU
		{75E3E906-5F54-4A7D-8A54-6717A5893373}.Release|Any CPU.Build.0 = Release|Any CPU
	EndGlobalSection
	GlobalSection(SolutionProperties) = preSolution
		HideSolutionNode = FALSE
	EndGlobalSection
	GlobalSection(ExtensibilityGlobals) = postSolution
		SolutionGuid = {3CBD28D6-30F4-4DE9-A82C-B2051B1DDC4B}
	EndGlobalSection
EndGlobal
